
Microsoft Visual Studio Solution File, Format Version 12.00
# Visual Studio 2012
Project("{FAE04EC0-301F-11D3-BF4B-00C04F79EFBC}") = "SmartHome", "SmartHome\SmartHome.csproj", "{94262822-08EA-4E58-B93D-03CB19A41D22}"
EndProject
Project("{FAE04EC0-301F-11D3-BF4B-00C04F79EFBC}") = "DataLayer", "DataLayer\DataLayer.csproj", "{DA87D067-5DFF-44CC-8859-8F7586563DD7}"
EndProject
Project("{FAE04EC0-301F-11D3-BF4B-00C04F79EFBC}") = "ServiceLayer", "ServiceLayer\ServiceLayer.csproj", "{9D782CD5-C9B5-4621-9652-50F7F91DDFEB}"
EndProject
Project("{F088123C-0E9E-452A-89E6-6BA2F21D5CAC}") = "Modeling", "Modeling\Modeling.modelproj", "{3D37A0A9-00F3-4D7B-926E-BE9248F3793C}"
EndProject
Project("{FAE04EC0-301F-11D3-BF4B-00C04F79EFBC}") = "Generate Simple EEPROM", "Generate Simple EEPROM\Generate Simple EEPROM.csproj", "{D4AC1D58-91CF-42FF-A243-3AC7362F475F}"
EndProject
Project("{FAE04EC0-301F-11D3-BF4B-00C04F79EFBC}") = "App Smart Home Prototipo", "App Smart Home Prototipo\App Smart Home Prototipo.csproj", "{0A81343D-54BD-4607-AE55-0C786BA4B26E}"
EndProject
Project("{FAE04EC0-301F-11D3-BF4B-00C04F79EFBC}") = "RawOperationSender", "RawOperationSender\RawOperationSender.csproj", "{2EF13BD9-17EB-4972-9A6F-F6B0908F0F78}"
EndProject
Global
	GlobalSection(SolutionConfigurationPlatforms) = preSolution
		Debug|Any CPU = Debug|Any CPU
		Release|Any CPU = Release|Any CPU
	EndGlobalSection
	GlobalSection(ProjectConfigurationPlatforms) = postSolution
		{94262822-08EA-4E58-B93D-03CB19A41D22}.Debug|Any CPU.ActiveCfg = Debug|Any CPU
		{94262822-08EA-4E58-B93D-03CB19A41D22}.Debug|Any CPU.Build.0 = Debug|Any CPU
		{94262822-08EA-4E58-B93D-03CB19A41D22}.Release|Any CPU.ActiveCfg = Release|Any CPU
		{94262822-08EA-4E58-B93D-03CB19A41D22}.Release|Any CPU.Build.0 = Release|Any CPU
		{DA87D067-5DFF-44CC-8859-8F7586563DD7}.Debug|Any CPU.ActiveCfg = Debug|Any CPU
		{DA87D067-5DFF-44CC-8859-8F7586563DD7}.Debug|Any CPU.Build.0 = Debug|Any CPU
		{DA87D067-5DFF-44CC-8859-8F7586563DD7}.Release|Any CPU.ActiveCfg = Release|Any CPU
		{DA87D067-5DFF-44CC-8859-8F7586563DD7}.Release|Any CPU.Build.0 = Release|Any CPU
		{9D782CD5-C9B5-4621-9652-50F7F91DDFEB}.Debug|Any CPU.ActiveCfg = Debug|Any CPU
		{9D782CD5-C9B5-4621-9652-50F7F91DDFEB}.Debug|Any CPU.Build.0 = Debug|Any CPU
		{9D782CD5-C9B5-4621-9652-50F7F91DDFEB}.Release|Any CPU.ActiveCfg = Release|Any CPU
		{9D782CD5-C9B5-4621-9652-50F7F91DDFEB}.Release|Any CPU.Build.0 = Release|Any CPU
		{3D37A0A9-00F3-4D7B-926E-BE9248F3793C}.Debug|Any CPU.ActiveCfg = Debug|Any CPU
		{3D37A0A9-00F3-4D7B-926E-BE9248F3793C}.Debug|Any CPU.Build.0 = Debug|Any CPU
		{3D37A0A9-00F3-4D7B-926E-BE9248F3793C}.Release|Any CPU.ActiveCfg = Release|Any CPU
		{3D37A0A9-00F3-4D7B-926E-BE9248F3793C}.Release|Any CPU.Build.0 = Release|Any CPU
		{D4AC1D58-91CF-42FF-A243-3AC7362F475F}.Debug|Any CPU.ActiveCfg = Debug|Any CPU
		{D4AC1D58-91CF-42FF-A243-3AC7362F475F}.Debug|Any CPU.Build.0 = Debug|Any CPU
		{D4AC1D58-91CF-42FF-A243-3AC7362F475F}.Release|Any CPU.ActiveCfg = Release|Any CPU
		{D4AC1D58-91CF-42FF-A243-3AC7362F475F}.Release|Any CPU.Build.0 = Release|Any CPU
		{0A81343D-54BD-4607-AE55-0C786BA4B26E}.Debug|Any CPU.ActiveCfg = Debug|Any CPU
		{0A81343D-54BD-4607-AE55-0C786BA4B26E}.Debug|Any CPU.Build.0 = Debug|Any CPU
		{0A81343D-54BD-4607-AE55-0C786BA4B26E}.Release|Any CPU.ActiveCfg = Release|Any CPU
		{0A81343D-54BD-4607-AE55-0C786BA4B26E}.Release|Any CPU.Build.0 = Release|Any CPU
		{2EF13BD9-17EB-4972-9A6F-F6B0908F0F78}.Debug|Any CPU.ActiveCfg = Debug|Any CPU
		{2EF13BD9-17EB-4972-9A6F-F6B0908F0F78}.Debug|Any CPU.Build.0 = Debug|Any CPU
		{2EF13BD9-17EB-4972-9A6F-F6B0908F0F78}.Release|Any CPU.ActiveCfg = Release|Any CPU
		{2EF13BD9-17EB-4972-9A6F-F6B0908F0F78}.Release|Any CPU.Build.0 = Release|Any CPU
	EndGlobalSection
	GlobalSection(SolutionProperties) = preSolution
		HideSolutionNode = FALSE
	EndGlobalSection
EndGlobal
